version: 1
checksums:
  55dc377b5e931bfc64e4add83e35d9ea:
    app/name: e06a348d46435012b6073703036a3646
    app/tagline: fa19c09a7f2af05ecd5ab05148fdb2f7
    common/login: f4f219abeb5a465ecb1c7efaf50246de
    common/logout: 07948fdf20705e04a7bf68ab197512bf
    common/register: 70217f3c73ff414d22893a4f13be84d6
    common/search: 49dd6c21604b5e8d4153ff1aff2177e1
    common/upload: 4a6c84aa16db0f4e5697f49b45257bc7
    common/process: b2021063fb6751438022a7a4a4c4a2b5
    common/check: 023cc2ba432775c38e3efc004ad7b9ef
    common/recommend: dfaa0cb91aa945646eed6caa780e0d3e
    common/loading: 82b4ea7ed1439094d7c4be13aaba9a66
    common/error: 3c95bcb32c2104b99a46f5b3dd015248
    common/success: c43827becada6750f7a25890905f38b9
    common/delete: 8bcf303dd10a645b5baacb02b47d72c9
    common/cancel: 2e2a849c2223911717de8caa2c71bade
    common/submit: 7c91ef5f747eea9f77a9c4f23e19fb2e
    common/save: f7a2929f33bc420195e59ac5a8bcd454
    dashboard/welcome: 482aeda66f13144604355053b3d38dd9
    dashboard/topics: c86fc8603295ff4cb2e6e640ed09d390
    dashboard/papers: e5f67df0cdf099941659321298ec8765
    dashboard/plagiarism: 8f8f5dfab69f73309a727efbc4a83245
    dashboard/journals: 6fb013964e272ea0a3c1c8f4d0522ac4
    dashboard/government: 57480df100e491e8f5d54d79a482f78d
    dashboard/impact: e6d120c06850fd64d89eb3939038adeb
    topics/title: c86fc8603295ff4cb2e6e640ed09d390
    topics/description: e8bdc0b241c1e59a7642887e687046c5
    topics/search_label: 0dde8a00c3d667a42f763183527a4187
    topics/search_placeholder: a76f9df60a99f86f219cd1e1ff79f24e
    topics/limit_label: 9079dc305fec14e5485e829601fe6ddd
    topics/button_search: 8362aaa141c59868221abe647129b46c
    topics/searching: c0a49f0dd17aeb093f36a03ba6068615
    topics/found: 39a97f221885b1e1dbca57936f03aa81
    topics/no_results: 7e0f2522cdbb2d733c086fd4b2f565a7
    topics/empty_message: 5725202d8c3cbd82658e95eed0db33cf
    topics/impact_score: 933e90ba0587acb4977da9950dd03934
    topics/citations: 04af264c9884dca47a7e792346650e67
    topics/year: ed86f5f60583f9d8ffdbeed306aa0ec7
    topics/view_paper: a5ff08fb45ef7ea1bf40ab261ca8d948
    topics/source: 6e87903ef260da661b2bf6d858ba68ca
    papers/title: e5f67df0cdf099941659321298ec8765
    papers/description: 43d35d3803c519e06872406426bcc983
    papers/upload_title: 93b8d144961906ada923fbf80e9ed0cd
    papers/upload_description: 92c0641e55f6c52b29576337cc2a5bec
    papers/upload_button: 4a6c84aa16db0f4e5697f49b45257bc7
    papers/uploading: baef62e2015a34d6747ed6e4192a27b1
    papers/selected_file: c040430f7dbb29927ff91fd6dc173caa
    papers/process_button: 9bce7707d98acf1180970cc413e17ac9
    papers/processing: 4d21e725093ba79328dcedc0f092ab3f
    papers/your_papers: e21a2a6cff2ccc8bd54c5bb21f54f263
    papers/no_papers: 436e4b159de943d5273796bb9aff4c6e
    papers/empty_message: 40eb3c45bfa0faef3ef41e89ee228984
    papers/summary: 13eb7b8a239fb4702dfdaee69100a220
    papers/methodology: 98d0bfc6703c44651b6630bb938a5c56
    papers/key_findings: 9f3a22251d27c5b5f1ae4d35454910ab
    papers/uploaded: 85610c87133628ab51b948cbd2825399
    papers/status_processed: f068a8fb957c058a22c536825b17a95a
    papers/status_pending: 030a6f3395d5d4efddd3cc67d6009039
    plagiarism/title: 8f8f5dfab69f73309a727efbc4a83245
    plagiarism/description: 599351949c19a36b1cb80e97709f1ecc
    plagiarism/check_title: d6afe237831e175a0859e5513be4bcf8
    plagiarism/check_description: e75095a3473bc27f0d652f79971521dd
    plagiarism/text_placeholder: 7398bb42fa0ed56ffd77244934f57fbb
    plagiarism/button_check: bcc27f0363f24752c9896ae896ef03b6
    plagiarism/checking: 7fb996bee0359e5dbdd92bd6e147a814
    plagiarism/originality_score: 0206378c08bee697e9a7e932dde17db6
    plagiarism/plagiarism_level_high: a76a6c876ffc81e174984d7ca577d97b
    plagiarism/plagiarism_level_medium: ebbe6c8c5530266aa93723755d74671e
    plagiarism/plagiarism_level_low: ffb00878db1d6ab59dbd51c0e180b147
    plagiarism/similar_sources: 96560edb682e91601f21a7520e2a96c1
    plagiarism/similarity: 5d6f459c4127918f26eeaefddd76bc4a
    plagiarism/matched_text: 76acd3b8cda90386af72b6560905351b
    plagiarism/confidence: 568fbdc3b8579def373eee5a8738bac0
    journals/title: 6fb013964e272ea0a3c1c8f4d0522ac4
    journals/description: 168adf213c58f8accc99fe59ed4e12ec
    journals/form_title: 7cb515ac326bda173a27aee29f5fd0cd
    journals/form_description: 3b36fea7ec70dff44171a7a2c37d889e
    journals/abstract_label: c4e53679b1591659fed3edd70e385b3e
    journals/abstract_placeholder: fcaf0a2e849e51f21b496dec10d58ac4
    journals/keywords_label: f490bd1487022d4a957b0cdfe57cb436
    journals/keywords_placeholder: a36afda0025a20dcabf79c48c9075d43
    journals/button_recommend: 9bf46606d56e2470ecb083b5ed0747f3
    journals/recommending: 738ee756bf934e0d6bf1bb81da08fc4d
    journals/found: a3f8afcae52381a889f91c15f2f68200
    journals/no_results: 0fbad9788e043290f1a4e91f50821c12
    journals/empty_message: 8d3b12c000c00a9a03ed08473f94fa03
    journals/match_score: 81b8a6cec0a1b7c0f0c824a89c43ccaf
    journals/impact_factor: 9d4de876166cef6fa24c5a280d7ac901
    journals/publisher: 1f919db786d638954f73aecedd0618ae
    journals/open_access: ab7dd75a73bab553f83c076ef51ad8fa
    journals/acceptance_rate: 7dbdff22f5bed907ba653dea95aa3dc7
    journals/time_to_publish: 4037b1b53362c1b0e35995fee61258d2
    academic_terms/h_index: 6c9217e9a4245d7a549522aaef41a3bc
    academic_terms/impact_factor: 9d4de876166cef6fa24c5a280d7ac901
    academic_terms/citation_count: a1da09eb5f82fff8ad0ded8c0f76893a
    academic_terms/citation_velocity: bfc6f329342aa8e3f4f53a70ec293251
    academic_terms/plagiarism_score: fbf92cfcaa1350ed78e4dec81805de66
    academic_terms/originality: 3d9e0647ab4814d20b033f19a7fe46f7
    academic_terms/emerging_trend: 707274ba3cd9d65a3970f3babb9be1ef
    academic_terms/relevance_score: 66531c6f473d7be2882092cabe973ee3
    errors/generic: 04eb843eaff0839b9ba1cb243e550d89
    errors/network: 492f581a3ffb6d464b860ce82f617647
    errors/auth: 3e87012bc64a10609849cc13606e466a
    errors/upload_failed: 5b7b755f05330164dbfb00096c500ee3
    errors/process_failed: 9434e97a0148638510aa8fe75fe45a1e
    errors/check_failed: b140e1a28ff68863228c02f4c8aa21d4
    errors/recommend_failed: 517815eda78f40121fd77eee4e56673c
